
Microsoft Visual Studio Solution File, Format Version 12.00
# Visual Studio Version 17
VisualStudioVersion = 17.0.32014.148
MinimumVisualStudioVersion = 10.0.40219.1
Project("{9A19103F-16F7-4668-BE54-9A1E7A4F7556}") = "DL", "DL\DL.csproj", "{51FC08F9-0B65-40E0-AE43-C02EAB117BFB}"
EndProject
Project("{9A19103F-16F7-4668-BE54-9A1E7A4F7556}") = "BL", "BL\BL.csproj", "{552F9668-AB6D-444A-A608-F9C0CBEEBF10}"
EndProject
Project("{9A19103F-16F7-4668-BE54-9A1E7A4F7556}") = "Models", "Models\Models.csproj", "{93304655-E87C-4660-8BAD-C626DF4F4A70}"
EndProject
Project("{FAE04EC0-301F-11D3-BF4B-00C04F79EFBC}") = "WebAPI", "WebAPI\WebAPI.csproj", "{CCACC08F-EC4B-4434-8E27-D9331CC6531A}"
EndProject
Global
	GlobalSection(SolutionConfigurationPlatforms) = preSolution
		Debug|Any CPU = Debug|Any CPU
		Release|Any CPU = Release|Any CPU
	EndGlobalSection
	GlobalSection(ProjectConfigurationPlatforms) = postSolution
		{51FC08F9-0B65-40E0-AE43-C02EAB117BFB}.Debug|Any CPU.ActiveCfg = Debug|Any CPU
		{51FC08F9-0B65-40E0-AE43-C02EAB117BFB}.Debug|Any CPU.Build.0 = Debug|Any CPU
		{51FC08F9-0B65-40E0-AE43-C02EAB117BFB}.Release|Any CPU.ActiveCfg = Release|Any CPU
		{51FC08F9-0B65-40E0-AE43-C02EAB117BFB}.Release|Any CPU.Build.0 = Release|Any CPU
		{552F9668-AB6D-444A-A608-F9C0CBEEBF10}.Debug|Any CPU.ActiveCfg = Debug|Any CPU
		{552F9668-AB6D-444A-A608-F9C0CBEEBF10}.Debug|Any CPU.Build.0 = Debug|Any CPU
		{552F9668-AB6D-444A-A608-F9C0CBEEBF10}.Release|Any CPU.ActiveCfg = Release|Any CPU
		{552F9668-AB6D-444A-A608-F9C0CBEEBF10}.Release|Any CPU.Build.0 = Release|Any CPU
		{93304655-E87C-4660-8BAD-C626DF4F4A70}.Debug|Any CPU.ActiveCfg = Debug|Any CPU
		{93304655-E87C-4660-8BAD-C626DF4F4A70}.Debug|Any CPU.Build.0 = Debug|Any CPU
		{93304655-E87C-4660-8BAD-C626DF4F4A70}.Release|Any CPU.ActiveCfg = Release|Any CPU
		{93304655-E87C-4660-8BAD-C626DF4F4A70}.Release|Any CPU.Build.0 = Release|Any CPU
		{CCACC08F-EC4B-4434-8E27-D9331CC6531A}.Debug|Any CPU.ActiveCfg = Debug|Any CPU
		{CCACC08F-EC4B-4434-8E27-D9331CC6531A}.Debug|Any CPU.Build.0 = Debug|Any CPU
		{CCACC08F-EC4B-4434-8E27-D9331CC6531A}.Release|Any CPU.ActiveCfg = Release|Any CPU
		{CCACC08F-EC4B-4434-8E27-D9331CC6531A}.Release|Any CPU.Build.0 = Release|Any CPU
	EndGlobalSection
	GlobalSection(SolutionProperties) = preSolution
		HideSolutionNode = FALSE
	EndGlobalSection
	GlobalSection(ExtensibilityGlobals) = postSolution
		SolutionGuid = {F2B594B9-E6AA-4A40-9283-E2E520EA7171}
	EndGlobalSection
EndGlobal
